
Microsoft Visual Studio Solution File, Format Version 12.00
# Visual Studio Version 17
VisualStudioVersion = 17.11.35222.181
MinimumVisualStudioVersion = 10.0.40219.1
Project("{9A19103F-16F7-4668-BE54-9A1E7A4F7556}") = "DatabaseManager", "DatabaseManager.csproj", "{8445CF9A-9CBD-499D-8AE9-DD192D0DF8F9}"
EndProject
Project("{9A19103F-16F7-4668-BE54-9A1E7A4F7556}") = "DatabaseManager.Desktop", "..\DatabaseManager.Desktop\DatabaseManager.Desktop.csproj", "{60069A4B-DC2B-47AC-A274-4B53EE2FA30A}"
EndProject
Global
	GlobalSection(SolutionConfigurationPlatforms) = preSolution
		Debug|Any CPU = Debug|Any CPU
		Release|Any CPU = Release|Any CPU
	EndGlobalSection
	GlobalSection(ProjectConfigurationPlatforms) = postSolution
		{8445CF9A-9CBD-499D-8AE9-DD192D0DF8F9}.Debug|Any CPU.ActiveCfg = Debug|Any CPU
		{8445CF9A-9CBD-499D-8AE9-DD192D0DF8F9}.Debug|Any CPU.Build.0 = Debug|Any CPU
		{8445CF9A-9CBD-499D-8AE9-DD192D0DF8F9}.Release|Any CPU.ActiveCfg = Release|Any CPU
		{8445CF9A-9CBD-499D-8AE9-DD192D0DF8F9}.Release|Any CPU.Build.0 = Release|Any CPU
		{60069A4B-DC2B-47AC-A274-4B53EE2FA30A}.Debug|Any CPU.ActiveCfg = Debug|Any CPU
		{60069A4B-DC2B-47AC-A274-4B53EE2FA30A}.Debug|Any CPU.Build.0 = Debug|Any CPU
		{60069A4B-DC2B-47AC-A274-4B53EE2FA30A}.Release|Any CPU.ActiveCfg = Release|Any CPU
		{60069A4B-DC2B-47AC-A274-4B53EE2FA30A}.Release|Any CPU.Build.0 = Release|Any CPU
	EndGlobalSection
	GlobalSection(SolutionProperties) = preSolution
		HideSolutionNode = FALSE
	EndGlobalSection
	GlobalSection(ExtensibilityGlobals) = postSolution
		SolutionGuid = {084B927A-B450-45F2-84A3-57342828C282}
	EndGlobalSection
EndGlobal
